
Microsoft Visual Studio Solution File, Format Version 12.00
# Visual Studio Version 17
VisualStudioVersion = 17.9.34616.47
MinimumVisualStudioVersion = 10.0.40219.1
Project("{8BC9CEB8-8B4A-11D0-8D11-00A0C91BC942}") = "Static1", "Constructor_0038\Constructor_0038.vcxproj", "{A76F97ED-C402-4D44-B169-583CABBE9D5A}"
EndProject
Project("{8BC9CEB8-8B4A-11D0-8D11-00A0C91BC942}") = "Static2", "Static2\Static2.vcxproj", "{6C24D16E-0538-4486-A648-35F215B4885F}"
EndProject
Project("{8BC9CEB8-8B4A-11D0-8D11-00A0C91BC942}") = "Construktor", "construktor\construktor.vcxproj", "{7C409114-069D-49A4-8B13-CE6103ED0F50}"
EndProject
Project("{8BC9CEB8-8B4A-11D0-8D11-00A0C91BC942}") = "Destrucktor", "Destrucktor\Destrucktor.vcxproj", "{BC297F45-5AA3-48BC-A952-57F419499D4C}"
EndProject
Project("{8BC9CEB8-8B4A-11D0-8D11-00A0C91BC942}") = "ChainFuction", "ChainFuction\ChainFuction.vcxproj", "{CE8EE962-CA7D-436D-81B2-6ABB212DE821}"
EndProject
Global
	GlobalSection(SolutionConfigurationPlatforms) = preSolution
		Debug|x64 = Debug|x64
		Debug|x86 = Debug|x86
		Release|x64 = Release|x64
		Release|x86 = Release|x86
	EndGlobalSection
	GlobalSection(ProjectConfigurationPlatforms) = postSolution
		{A76F97ED-C402-4D44-B169-583CABBE9D5A}.Debug|x64.ActiveCfg = Debug|x64
		{A76F97ED-C402-4D44-B169-583CABBE9D5A}.Debug|x64.Build.0 = Debug|x64
		{A76F97ED-C402-4D44-B169-583CABBE9D5A}.Debug|x86.ActiveCfg = Debug|Win32
		{A76F97ED-C402-4D44-B169-583CABBE9D5A}.Debug|x86.Build.0 = Debug|Win32
		{A76F97ED-C402-4D44-B169-583CABBE9D5A}.Release|x64.ActiveCfg = Release|x64
		{A76F97ED-C402-4D44-B169-583CABBE9D5A}.Release|x64.Build.0 = Release|x64
		{A76F97ED-C402-4D44-B169-583CABBE9D5A}.Release|x86.ActiveCfg = Release|Win32
		{A76F97ED-C402-4D44-B169-583CABBE9D5A}.Release|x86.Build.0 = Release|Win32
		{6C24D16E-0538-4486-A648-35F215B4885F}.Debug|x64.ActiveCfg = Debug|x64
		{6C24D16E-0538-4486-A648-35F215B4885F}.Debug|x64.Build.0 = Debug|x64
		{6C24D16E-0538-4486-A648-35F215B4885F}.Debug|x86.ActiveCfg = Debug|Win32
		{6C24D16E-0538-4486-A648-35F215B4885F}.Debug|x86.Build.0 = Debug|Win32
		{6C24D16E-0538-4486-A648-35F215B4885F}.Release|x64.ActiveCfg = Release|x64
		{6C24D16E-0538-4486-A648-35F215B4885F}.Release|x64.Build.0 = Release|x64
		{6C24D16E-0538-4486-A648-35F215B4885F}.Release|x86.ActiveCfg = Release|Win32
		{6C24D16E-0538-4486-A648-35F215B4885F}.Release|x86.Build.0 = Release|Win32
		{7C409114-069D-49A4-8B13-CE6103ED0F50}.Debug|x64.ActiveCfg = Debug|x64
		{7C409114-069D-49A4-8B13-CE6103ED0F50}.Debug|x64.Build.0 = Debug|x64
		{7C409114-069D-49A4-8B13-CE6103ED0F50}.Debug|x86.ActiveCfg = Debug|Win32
		{7C409114-069D-49A4-8B13-CE6103ED0F50}.Debug|x86.Build.0 = Debug|Win32
		{7C409114-069D-49A4-8B13-CE6103ED0F50}.Release|x64.ActiveCfg = Release|x64
		{7C409114-069D-49A4-8B13-CE6103ED0F50}.Release|x64.Build.0 = Release|x64
		{7C409114-069D-49A4-8B13-CE6103ED0F50}.Release|x86.ActiveCfg = Release|Win32
		{7C409114-069D-49A4-8B13-CE6103ED0F50}.Release|x86.Build.0 = Release|Win32
		{BC297F45-5AA3-48BC-A952-57F419499D4C}.Debug|x64.ActiveCfg = Debug|x64
		{BC297F45-5AA3-48BC-A952-57F419499D4C}.Debug|x64.Build.0 = Debug|x64
		{BC297F45-5AA3-48BC-A952-57F419499D4C}.Debug|x86.ActiveCfg = Debug|Win32
		{BC297F45-5AA3-48BC-A952-57F419499D4C}.Debug|x86.Build.0 = Debug|Win32
		{BC297F45-5AA3-48BC-A952-57F419499D4C}.Release|x64.ActiveCfg = Release|x64
		{BC297F45-5AA3-48BC-A952-57F419499D4C}.Release|x64.Build.0 = Release|x64
		{BC297F45-5AA3-48BC-A952-57F419499D4C}.Release|x86.ActiveCfg = Release|Win32
		{BC297F45-5AA3-48BC-A952-57F419499D4C}.Release|x86.Build.0 = Release|Win32
		{CE8EE962-CA7D-436D-81B2-6ABB212DE821}.Debug|x64.ActiveCfg = Debug|x64
		{CE8EE962-CA7D-436D-81B2-6ABB212DE821}.Debug|x64.Build.0 = Debug|x64
		{CE8EE962-CA7D-436D-81B2-6ABB212DE821}.Debug|x86.ActiveCfg = Debug|Win32
		{CE8EE962-CA7D-436D-81B2-6ABB212DE821}.Debug|x86.Build.0 = Debug|Win32
		{CE8EE962-CA7D-436D-81B2-6ABB212DE821}.Release|x64.ActiveCfg = Release|x64
		{CE8EE962-CA7D-436D-81B2-6ABB212DE821}.Release|x64.Build.0 = Release|x64
		{CE8EE962-CA7D-436D-81B2-6ABB212DE821}.Release|x86.ActiveCfg = Release|Win32
		{CE8EE962-CA7D-436D-81B2-6ABB212DE821}.Release|x86.Build.0 = Release|Win32
	EndGlobalSection
	GlobalSection(SolutionProperties) = preSolution
		HideSolutionNode = FALSE
	EndGlobalSection
	GlobalSection(ExtensibilityGlobals) = postSolution
		SolutionGuid = {2B6D42A9-527A-44AE-985A-94F077BF3099}
	EndGlobalSection
EndGlobal
